
Microsoft Visual Studio Solution File, Format Version 12.00
# Visual Studio Version 16
VisualStudioVersion = 16.0.29411.108
MinimumVisualStudioVersion = 10.0.40219.1
Project("{FAE04EC0-301F-11D3-BF4B-00C04F79EFBC}") = "diplom", "diplom\diplom.csproj", "{209E0DFE-5725-4644-B088-49DC9A620B20}"
EndProject
Global
	GlobalSection(SolutionConfigurationPlatforms) = preSolution
		Debug|Any CPU = Debug|Any CPU
		Release|Any CPU = Release|Any CPU
	EndGlobalSection
	GlobalSection(ProjectConfigurationPlatforms) = postSolution
		{209E0DFE-5725-4644-B088-49DC9A620B20}.Debug|Any CPU.ActiveCfg = Debug|Any CPU
		{209E0DFE-5725-4644-B088-49DC9A620B20}.Debug|Any CPU.Build.0 = Debug|Any CPU
		{209E0DFE-5725-4644-B088-49DC9A620B20}.Release|Any CPU.ActiveCfg = Release|Any CPU
		{209E0DFE-5725-4644-B088-49DC9A620B20}.Release|Any CPU.Build.0 = Release|Any CPU
	EndGlobalSection
	GlobalSection(SolutionProperties) = preSolution
		HideSolutionNode = FALSE
	EndGlobalSection
	GlobalSection(ExtensibilityGlobals) = postSolution
		SolutionGuid = {B9F0AC7F-1488-492B-AC61-6CE086386C8A}
	EndGlobalSection
EndGlobal
